lockfileVersion: '6.0'

settings:
  autoInstallPeers: true
  excludeLinksFromLockfile: false

dependencies:
  yesno:
    specifier: ^0.4.0
    version: 0.4.0

packages:

  /yesno@0.4.0:
    resolution: {integrity: sha512-tdBxmHvbXPBKYIg81bMCB7bVeDmHkRzk5rVJyYYXurwKkHq/MCd8rz4HSJUP7hW0H2NlXiq8IFiWvYKEHhlotA==}
    dev: false
